{
  "name": "web_client",
  "lockfileVersion": 3,
  "requires": true,
  "packages": {
    "": {
      "dependencies": {
        "websocket-as-promised": "^3.0.1"
      }
    },
    "node_modules/chnl": {
      "version": "1.2.0",
      "resolved": "https://registry.npmjs.org/chnl/-/chnl-1.2.0.tgz",
      "integrity": "sha512-g5gJb59edwCliFbX2j7G6sBfY4sX9YLy211yctONI2GRaiX0f2zIbKWmBm+sPqFNEpM7Ljzm7IJX/xrjiEbPrw==",
      "license": "MIT"
    },
    "node_modules/promise-controller": {
      "version": "1.0.0",
      "resolved": "https://registry.npmjs.org/promise-controller/-/promise-controller-1.0.0.tgz",
      "integrity": "sha512-goA0zA9L91tuQbUmiMinSYqlyUtEgg4fxJcjYnLYOQnrktb4o4UqciXDNXiRUPiDBPACmsr1k8jDW4r7UDq9Qw==",
      "license": "MIT",
      "engines": {
        "node": ">=8"
      }
    },
    "node_modules/promised-map": {
      "version": "1.0.0",
      "resolved": "https://registry.npmjs.org/promised-map/-/promised-map-1.0.0.tgz",
      "integrity": "sha512-fP9VSMgcml+U2uJ9PBc4/LDQ3ZkJCH4blLNCS6gbH7RHyRZCYs91zxWHqiUy+heFiEMiB2op/qllYoFqmIqdWA==",
      "license": "MIT",
      "engines": {
        "node": ">=10"
      }
    },
    "node_modules/websocket-as-promised": {
      "version": "3.0.1",
      "resolved": "https://registry.npmjs.org/websocket-as-promised/-/websocket-as-promised-3.0.1.tgz",
      "integrity": "sha512-YYneUaH6msHVl+Zb29vIU+5tzDy+nYMZVOTisMQmpddY6yQEeu1mQfmz9PFz5mBC1ADCuXQt/Xx6RlkUtAndgA==",
      "license": "MIT",
      "dependencies": {
        "chnl": "^1.2.0",
        "promise-controller": "^1.0.0",
        "promised-map": "^1.0.0"
      },
      "engines": {
        "node": ">=10"
      }
    }
  }
}
